
Microsoft Visual Studio Solution File, Format Version 11.00
# Visual Studio 2010
Project("{FAE04EC0-301F-11D3-BF4B-00C04F79EFBC}") = "Ketchup.Util", "Ketchup.Util.csproj", "{DC1310CD-D19C-4595-98D4-5ECBCAA0356B}"
EndProject
Project("{FAE04EC0-301F-11D3-BF4B-00C04F79EFBC}") = "UnitTests", "..\..\test\UnitTests\UnitTests.csproj", "{DDBEBE3A-3B53-40BB-935D-CAF0E1C41079}"
EndProject
Global
	GlobalSection(SolutionConfigurationPlatforms) = preSolution
		Debug|Any CPU = Debug|Any CPU
		Release|Any CPU = Release|Any CPU
	EndGlobalSection
	GlobalSection(ProjectConfigurationPlatforms) = postSolution
		{DC1310CD-D19C-4595-98D4-5ECBCAA0356B}.Debug|Any CPU.ActiveCfg = Debug|Any CPU
		{DC1310CD-D19C-4595-98D4-5ECBCAA0356B}.Debug|Any CPU.Build.0 = Debug|Any CPU
		{DC1310CD-D19C-4595-98D4-5ECBCAA0356B}.Release|Any CPU.ActiveCfg = Release|Any CPU
		{DC1310CD-D19C-4595-98D4-5ECBCAA0356B}.Release|Any CPU.Build.0 = Release|Any CPU
		{DDBEBE3A-3B53-40BB-935D-CAF0E1C41079}.Debug|Any CPU.ActiveCfg = Debug|Any CPU
		{DDBEBE3A-3B53-40BB-935D-CAF0E1C41079}.Debug|Any CPU.Build.0 = Debug|Any CPU
		{DDBEBE3A-3B53-40BB-935D-CAF0E1C41079}.Release|Any CPU.ActiveCfg = Release|Any CPU
		{DDBEBE3A-3B53-40BB-935D-CAF0E1C41079}.Release|Any CPU.Build.0 = Release|Any CPU
	EndGlobalSection
	GlobalSection(SolutionProperties) = preSolution
		HideSolutionNode = FALSE
	EndGlobalSection
EndGlobal
